
Microsoft Visual Studio Solution File, Format Version 12.00
# Visual Studio Version 17
VisualStudioVersion = 17.0.31903.59
MinimumVisualStudioVersion = 10.0.40219.1
Project("{2150E333-8FDC-42A3-9474-1A3956D46DE8}") = "src", "src", "{02EA681E-C7D8-13C7-8484-4AC65E1B71E8}"
EndProject
Project("{FAE04EC0-301F-11D3-BF4B-00C04F79EFBC}") = "DotNetInjector", "src\DotNetInjector\DotNetInjector.csproj", "{3F9021D6-9D7D-4906-AFD3-1AA49F9F1D4F}"
EndProject
Project("{2150E333-8FDC-42A3-9474-1A3956D46DE8}") = "demo", "demo", "{19278F55-C4C9-44B7-A1C1-11C97C2946CE}"
EndProject
Project("{FAE04EC0-301F-11D3-BF4B-00C04F79EFBC}") = "InjectionDemo", "demo\InjectionDemo\InjectionDemo.csproj", "{C5B392A9-0411-4820-8F67-FE67FA77325B}"
EndProject
Project("{FAE04EC0-301F-11D3-BF4B-00C04F79EFBC}") = "InjectionClassLibrary", "demo\InjectionClassLibrary\InjectionClassLibrary.csproj", "{931CCB75-DEEC-4B9D-9C27-1DBFE2D10FEF}"
EndProject
Project("{FAE04EC0-301F-11D3-BF4B-00C04F79EFBC}") = "CoreInjectionDemo", "demo\CoreInjectionDemo\CoreInjectionDemo.csproj", "{42FBA27D-C4C2-4C18-9CBC-89656FB76228}"
EndProject
Project("{FAE04EC0-301F-11D3-BF4B-00C04F79EFBC}") = "CoreInjectionClassLibrary", "demo\CoreInjectionClassLibrary\CoreInjectionClassLibrary.csproj", "{3E691294-1B6C-4108-A645-1B9B1B90094B}"
EndProject
Project("{8BC9CEB8-8B4A-11D0-8D11-00A0C91BC942}") = "SharedMemory", "demo\SharedMemory\SharedMemory.vcxproj", "{0F1FD501-7C92-431A-AFDF-378ECEB3DAEA}"
EndProject
Project("{8BC9CEB8-8B4A-11D0-8D11-00A0C91BC942}") = "SharedMemoryLib", "src\SharedMemoryLib\SharedMemoryLib.vcxproj", "{8F16EF1A-328F-49A9-AEA1-6F8A793C7134}"
EndProject
Global
	GlobalSection(SolutionConfigurationPlatforms) = preSolution
		Debug|Any CPU = Debug|Any CPU
		Debug|x64 = Debug|x64
		Debug|x86 = Debug|x86
		Release|Any CPU = Release|Any CPU
		Release|x64 = Release|x64
		Release|x86 = Release|x86
	EndGlobalSection
	GlobalSection(ProjectConfigurationPlatforms) = postSolution
		{3F9021D6-9D7D-4906-AFD3-1AA49F9F1D4F}.Debug|Any CPU.ActiveCfg = Debug|Any CPU
		{3F9021D6-9D7D-4906-AFD3-1AA49F9F1D4F}.Debug|Any CPU.Build.0 = Debug|Any CPU
		{3F9021D6-9D7D-4906-AFD3-1AA49F9F1D4F}.Debug|x64.ActiveCfg = Debug|Any CPU
		{3F9021D6-9D7D-4906-AFD3-1AA49F9F1D4F}.Debug|x86.ActiveCfg = Debug|Any CPU
		{3F9021D6-9D7D-4906-AFD3-1AA49F9F1D4F}.Debug|x86.Build.0 = Debug|Any CPU
		{3F9021D6-9D7D-4906-AFD3-1AA49F9F1D4F}.Release|Any CPU.ActiveCfg = Release|Any CPU
		{3F9021D6-9D7D-4906-AFD3-1AA49F9F1D4F}.Release|Any CPU.Build.0 = Release|Any CPU
		{3F9021D6-9D7D-4906-AFD3-1AA49F9F1D4F}.Release|x64.ActiveCfg = Release|Any CPU
		{3F9021D6-9D7D-4906-AFD3-1AA49F9F1D4F}.Release|x86.ActiveCfg = Release|x86
		{3F9021D6-9D7D-4906-AFD3-1AA49F9F1D4F}.Release|x86.Build.0 = Release|x86
		{C5B392A9-0411-4820-8F67-FE67FA77325B}.Debug|Any CPU.ActiveCfg = Debug|Any CPU
		{C5B392A9-0411-4820-8F67-FE67FA77325B}.Debug|Any CPU.Build.0 = Debug|Any CPU
		{C5B392A9-0411-4820-8F67-FE67FA77325B}.Debug|x64.ActiveCfg = Debug|Any CPU
		{C5B392A9-0411-4820-8F67-FE67FA77325B}.Debug|x64.Build.0 = Debug|Any CPU
		{C5B392A9-0411-4820-8F67-FE67FA77325B}.Debug|x86.ActiveCfg = Debug|Any CPU
		{C5B392A9-0411-4820-8F67-FE67FA77325B}.Debug|x86.Build.0 = Debug|Any CPU
		{C5B392A9-0411-4820-8F67-FE67FA77325B}.Release|Any CPU.ActiveCfg = Release|Any CPU
		{C5B392A9-0411-4820-8F67-FE67FA77325B}.Release|Any CPU.Build.0 = Release|Any CPU
		{C5B392A9-0411-4820-8F67-FE67FA77325B}.Release|x64.ActiveCfg = Release|Any CPU
		{C5B392A9-0411-4820-8F67-FE67FA77325B}.Release|x64.Build.0 = Release|Any CPU
		{C5B392A9-0411-4820-8F67-FE67FA77325B}.Release|x86.ActiveCfg = Release|Any CPU
		{C5B392A9-0411-4820-8F67-FE67FA77325B}.Release|x86.Build.0 = Release|Any CPU
		{931CCB75-DEEC-4B9D-9C27-1DBFE2D10FEF}.Debug|Any CPU.ActiveCfg = Debug|Any CPU
		{931CCB75-DEEC-4B9D-9C27-1DBFE2D10FEF}.Debug|Any CPU.Build.0 = Debug|Any CPU
		{931CCB75-DEEC-4B9D-9C27-1DBFE2D10FEF}.Debug|x64.ActiveCfg = Debug|Any CPU
		{931CCB75-DEEC-4B9D-9C27-1DBFE2D10FEF}.Debug|x64.Build.0 = Debug|Any CPU
		{931CCB75-DEEC-4B9D-9C27-1DBFE2D10FEF}.Debug|x86.ActiveCfg = Debug|Any CPU
		{931CCB75-DEEC-4B9D-9C27-1DBFE2D10FEF}.Debug|x86.Build.0 = Debug|Any CPU
		{931CCB75-DEEC-4B9D-9C27-1DBFE2D10FEF}.Release|Any CPU.ActiveCfg = Release|Any CPU
		{931CCB75-DEEC-4B9D-9C27-1DBFE2D10FEF}.Release|Any CPU.Build.0 = Release|Any CPU
		{931CCB75-DEEC-4B9D-9C27-1DBFE2D10FEF}.Release|x64.ActiveCfg = Release|Any CPU
		{931CCB75-DEEC-4B9D-9C27-1DBFE2D10FEF}.Release|x64.Build.0 = Release|Any CPU
		{931CCB75-DEEC-4B9D-9C27-1DBFE2D10FEF}.Release|x86.ActiveCfg = Release|Any CPU
		{931CCB75-DEEC-4B9D-9C27-1DBFE2D10FEF}.Release|x86.Build.0 = Release|Any CPU
		{42FBA27D-C4C2-4C18-9CBC-89656FB76228}.Debug|Any CPU.ActiveCfg = Debug|Any CPU
		{42FBA27D-C4C2-4C18-9CBC-89656FB76228}.Debug|Any CPU.Build.0 = Debug|Any CPU
		{42FBA27D-C4C2-4C18-9CBC-89656FB76228}.Debug|x64.ActiveCfg = Debug|Any CPU
		{42FBA27D-C4C2-4C18-9CBC-89656FB76228}.Debug|x64.Build.0 = Debug|Any CPU
		{42FBA27D-C4C2-4C18-9CBC-89656FB76228}.Debug|x86.ActiveCfg = Debug|x86
		{42FBA27D-C4C2-4C18-9CBC-89656FB76228}.Debug|x86.Build.0 = Debug|x86
		{42FBA27D-C4C2-4C18-9CBC-89656FB76228}.Release|Any CPU.ActiveCfg = Release|Any CPU
		{42FBA27D-C4C2-4C18-9CBC-89656FB76228}.Release|Any CPU.Build.0 = Release|Any CPU
		{42FBA27D-C4C2-4C18-9CBC-89656FB76228}.Release|x64.ActiveCfg = Release|Any CPU
		{42FBA27D-C4C2-4C18-9CBC-89656FB76228}.Release|x64.Build.0 = Release|Any CPU
		{42FBA27D-C4C2-4C18-9CBC-89656FB76228}.Release|x86.ActiveCfg = Release|Any CPU
		{42FBA27D-C4C2-4C18-9CBC-89656FB76228}.Release|x86.Build.0 = Release|Any CPU
		{3E691294-1B6C-4108-A645-1B9B1B90094B}.Debug|Any CPU.ActiveCfg = Debug|Any CPU
		{3E691294-1B6C-4108-A645-1B9B1B90094B}.Debug|Any CPU.Build.0 = Debug|Any CPU
		{3E691294-1B6C-4108-A645-1B9B1B90094B}.Debug|x64.ActiveCfg = Debug|Any CPU
		{3E691294-1B6C-4108-A645-1B9B1B90094B}.Debug|x64.Build.0 = Debug|Any CPU
		{3E691294-1B6C-4108-A645-1B9B1B90094B}.Debug|x86.ActiveCfg = Debug|Any CPU
		{3E691294-1B6C-4108-A645-1B9B1B90094B}.Debug|x86.Build.0 = Debug|Any CPU
		{3E691294-1B6C-4108-A645-1B9B1B90094B}.Release|Any CPU.ActiveCfg = Release|Any CPU
		{3E691294-1B6C-4108-A645-1B9B1B90094B}.Release|Any CPU.Build.0 = Release|Any CPU
		{3E691294-1B6C-4108-A645-1B9B1B90094B}.Release|x64.ActiveCfg = Release|Any CPU
		{3E691294-1B6C-4108-A645-1B9B1B90094B}.Release|x64.Build.0 = Release|Any CPU
		{3E691294-1B6C-4108-A645-1B9B1B90094B}.Release|x86.ActiveCfg = Release|Any CPU
		{3E691294-1B6C-4108-A645-1B9B1B90094B}.Release|x86.Build.0 = Release|Any CPU
		{0F1FD501-7C92-431A-AFDF-378ECEB3DAEA}.Debug|Any CPU.ActiveCfg = Debug|x64
		{0F1FD501-7C92-431A-AFDF-378ECEB3DAEA}.Debug|Any CPU.Build.0 = Debug|x64
		{0F1FD501-7C92-431A-AFDF-378ECEB3DAEA}.Debug|x64.ActiveCfg = Debug|x64
		{0F1FD501-7C92-431A-AFDF-378ECEB3DAEA}.Debug|x64.Build.0 = Debug|x64
		{0F1FD501-7C92-431A-AFDF-378ECEB3DAEA}.Debug|x86.ActiveCfg = Debug|Win32
		{0F1FD501-7C92-431A-AFDF-378ECEB3DAEA}.Debug|x86.Build.0 = Debug|Win32
		{0F1FD501-7C92-431A-AFDF-378ECEB3DAEA}.Release|Any CPU.ActiveCfg = Release|x64
		{0F1FD501-7C92-431A-AFDF-378ECEB3DAEA}.Release|Any CPU.Build.0 = Release|x64
		{0F1FD501-7C92-431A-AFDF-378ECEB3DAEA}.Release|x64.ActiveCfg = Release|x64
		{0F1FD501-7C92-431A-AFDF-378ECEB3DAEA}.Release|x64.Build.0 = Release|x64
		{0F1FD501-7C92-431A-AFDF-378ECEB3DAEA}.Release|x86.ActiveCfg = Release|Win32
		{0F1FD501-7C92-431A-AFDF-378ECEB3DAEA}.Release|x86.Build.0 = Release|Win32
		{8F16EF1A-328F-49A9-AEA1-6F8A793C7134}.Debug|Any CPU.ActiveCfg = Release|x64
		{8F16EF1A-328F-49A9-AEA1-6F8A793C7134}.Debug|Any CPU.Build.0 = Release|x64
		{8F16EF1A-328F-49A9-AEA1-6F8A793C7134}.Debug|x64.ActiveCfg = Debug|x64
		{8F16EF1A-328F-49A9-AEA1-6F8A793C7134}.Debug|x64.Build.0 = Debug|x64
		{8F16EF1A-328F-49A9-AEA1-6F8A793C7134}.Debug|x86.ActiveCfg = Debug|Win32
		{8F16EF1A-328F-49A9-AEA1-6F8A793C7134}.Debug|x86.Build.0 = Debug|Win32
		{8F16EF1A-328F-49A9-AEA1-6F8A793C7134}.Release|Any CPU.ActiveCfg = Release|x64
		{8F16EF1A-328F-49A9-AEA1-6F8A793C7134}.Release|Any CPU.Build.0 = Release|x64
		{8F16EF1A-328F-49A9-AEA1-6F8A793C7134}.Release|x64.ActiveCfg = Release|x64
		{8F16EF1A-328F-49A9-AEA1-6F8A793C7134}.Release|x64.Build.0 = Release|x64
		{8F16EF1A-328F-49A9-AEA1-6F8A793C7134}.Release|x86.ActiveCfg = Release|Win32
		{8F16EF1A-328F-49A9-AEA1-6F8A793C7134}.Release|x86.Build.0 = Release|Win32
	EndGlobalSection
	GlobalSection(SolutionProperties) = preSolution
		HideSolutionNode = FALSE
	EndGlobalSection
	GlobalSection(NestedProjects) = preSolution
		{3F9021D6-9D7D-4906-AFD3-1AA49F9F1D4F} = {02EA681E-C7D8-13C7-8484-4AC65E1B71E8}
		{C5B392A9-0411-4820-8F67-FE67FA77325B} = {19278F55-C4C9-44B7-A1C1-11C97C2946CE}
		{931CCB75-DEEC-4B9D-9C27-1DBFE2D10FEF} = {19278F55-C4C9-44B7-A1C1-11C97C2946CE}
		{42FBA27D-C4C2-4C18-9CBC-89656FB76228} = {19278F55-C4C9-44B7-A1C1-11C97C2946CE}
		{3E691294-1B6C-4108-A645-1B9B1B90094B} = {19278F55-C4C9-44B7-A1C1-11C97C2946CE}
		{0F1FD501-7C92-431A-AFDF-378ECEB3DAEA} = {19278F55-C4C9-44B7-A1C1-11C97C2946CE}
		{8F16EF1A-328F-49A9-AEA1-6F8A793C7134} = {02EA681E-C7D8-13C7-8484-4AC65E1B71E8}
	EndGlobalSection
	GlobalSection(ExtensibilityGlobals) = postSolution
		SolutionGuid = {BE5B6B92-1488-45A7-B0A8-2B01380E54CD}
	EndGlobalSection
EndGlobal
