
Microsoft Visual Studio Solution File, Format Version 12.00
# Visual Studio Version 17
VisualStudioVersion = 17.0.31903.59
MinimumVisualStudioVersion = 10.0.40219.1
Project("{2150E333-8FDC-42A3-9474-1A3956D46DE8}") = "src", "src", "{02EA681E-C7D8-13C7-8484-4AC65E1B71E8}"
EndProject
Project("{FAE04EC0-301F-11D3-BF4B-00C04F79EFBC}") = "DotNetInjector", "src\DotNetInjector\DotNetInjector.csproj", "{3F9021D6-9D7D-4906-AFD3-1AA49F9F1D4F}"
EndProject
Global
	GlobalSection(SolutionConfigurationPlatforms) = preSolution
		Debug|Any CPU = Debug|Any CPU
		Release|Any CPU = Release|Any CPU
	EndGlobalSection
	GlobalSection(ProjectConfigurationPlatforms) = postSolution
		{3F9021D6-9D7D-4906-AFD3-1AA49F9F1D4F}.Debug|Any CPU.ActiveCfg = Debug|Any CPU
		{3F9021D6-9D7D-4906-AFD3-1AA49F9F1D4F}.Debug|Any CPU.Build.0 = Debug|Any CPU
		{3F9021D6-9D7D-4906-AFD3-1AA49F9F1D4F}.Release|Any CPU.ActiveCfg = Release|Any CPU
		{3F9021D6-9D7D-4906-AFD3-1AA49F9F1D4F}.Release|Any CPU.Build.0 = Release|Any CPU
	EndGlobalSection
	GlobalSection(SolutionProperties) = preSolution
		HideSolutionNode = FALSE
	EndGlobalSection
	GlobalSection(NestedProjects) = preSolution
		{3F9021D6-9D7D-4906-AFD3-1AA49F9F1D4F} = {02EA681E-C7D8-13C7-8484-4AC65E1B71E8}
	EndGlobalSection
	GlobalSection(ExtensibilityGlobals) = postSolution
		SolutionGuid = {BE5B6B92-1488-45A7-B0A8-2B01380E54CD}
	EndGlobalSection
EndGlobal
