
Microsoft Visual Studio Solution File, Format Version 12.00
# Visual Studio Version 17
VisualStudioVersion = 17.0.31903.59
MinimumVisualStudioVersion = 10.0.40219.1
Project("{2150E333-8FDC-42A3-9474-1A3956D46DE8}") = "src", "src", "{02EA681E-C7D8-13C7-8484-4AC65E1B71E8}"
EndProject
Project("{FAE04EC0-301F-11D3-BF4B-00C04F79EFBC}") = "InjectionClassLibrary", "src\InjectionClassLibrary\InjectionClassLibrary.csproj", "{33582322-09C7-4968-94B5-EE0B6D68DF5E}"
EndProject
Project("{8BC9CEB8-8B4A-11D0-8D11-00A0C91BC942}") = "CoreInjectionLibrary", "src\CoreInjectionLibrary\CoreInjectedLibrary.vcxproj", "{B08FA5C1-B8F6-4FF9-AEA6-009EE1AFB799}"
EndProject
Project("{8BC9CEB8-8B4A-11D0-8D11-00A0C91BC942}") = "FrameworkInjectionLibrary", "src\FrameworkInjectionLibrary\FrameworkInjectedLibrary.vcxproj", "{BCEE2CDB-EE52-4CA7-A4C2-A886197310F7}"
EndProject
Project("{2150E333-8FDC-42A3-9474-1A3956D46DE8}") = "demo", "demo", "{7CA14CC5-6145-44D9-BB09-D9AAFE2E5C34}"
EndProject
Project("{FAE04EC0-301F-11D3-BF4B-00C04F79EFBC}") = "InjectionClassLibraryDemo", "demo\InjectionClassLibraryDemo\InjectionClassLibraryDemo.csproj", "{A89EE1F8-A61F-4691-9F82-08CA4FE2B94C}"
EndProject
Global
	GlobalSection(SolutionConfigurationPlatforms) = preSolution
		Debug|Any CPU = Debug|Any CPU
		Debug|x64 = Debug|x64
		Debug|x86 = Debug|x86
		Release|Any CPU = Release|Any CPU
		Release|x64 = Release|x64
		Release|x86 = Release|x86
	EndGlobalSection
	GlobalSection(ProjectConfigurationPlatforms) = postSolution
		{33582322-09C7-4968-94B5-EE0B6D68DF5E}.Debug|Any CPU.ActiveCfg = Debug|Any CPU
		{33582322-09C7-4968-94B5-EE0B6D68DF5E}.Debug|Any CPU.Build.0 = Debug|Any CPU
		{33582322-09C7-4968-94B5-EE0B6D68DF5E}.Debug|x64.ActiveCfg = Debug|Any CPU
		{33582322-09C7-4968-94B5-EE0B6D68DF5E}.Debug|x64.Build.0 = Debug|Any CPU
		{33582322-09C7-4968-94B5-EE0B6D68DF5E}.Debug|x86.ActiveCfg = Debug|Any CPU
		{33582322-09C7-4968-94B5-EE0B6D68DF5E}.Debug|x86.Build.0 = Debug|Any CPU
		{33582322-09C7-4968-94B5-EE0B6D68DF5E}.Release|Any CPU.ActiveCfg = Release|Any CPU
		{33582322-09C7-4968-94B5-EE0B6D68DF5E}.Release|Any CPU.Build.0 = Release|Any CPU
		{33582322-09C7-4968-94B5-EE0B6D68DF5E}.Release|x64.ActiveCfg = Release|Any CPU
		{33582322-09C7-4968-94B5-EE0B6D68DF5E}.Release|x64.Build.0 = Release|Any CPU
		{33582322-09C7-4968-94B5-EE0B6D68DF5E}.Release|x86.ActiveCfg = Release|Any CPU
		{33582322-09C7-4968-94B5-EE0B6D68DF5E}.Release|x86.Build.0 = Release|Any CPU
		{B08FA5C1-B8F6-4FF9-AEA6-009EE1AFB799}.Debug|Any CPU.ActiveCfg = Debug|x64
		{B08FA5C1-B8F6-4FF9-AEA6-009EE1AFB799}.Debug|Any CPU.Build.0 = Debug|x64
		{B08FA5C1-B8F6-4FF9-AEA6-009EE1AFB799}.Debug|x64.ActiveCfg = Debug|x64
		{B08FA5C1-B8F6-4FF9-AEA6-009EE1AFB799}.Debug|x64.Build.0 = Debug|x64
		{B08FA5C1-B8F6-4FF9-AEA6-009EE1AFB799}.Debug|x86.ActiveCfg = Debug|Win32
		{B08FA5C1-B8F6-4FF9-AEA6-009EE1AFB799}.Debug|x86.Build.0 = Debug|Win32
		{B08FA5C1-B8F6-4FF9-AEA6-009EE1AFB799}.Release|Any CPU.ActiveCfg = Release|x64
		{B08FA5C1-B8F6-4FF9-AEA6-009EE1AFB799}.Release|Any CPU.Build.0 = Release|x64
		{B08FA5C1-B8F6-4FF9-AEA6-009EE1AFB799}.Release|x64.ActiveCfg = Release|x64
		{B08FA5C1-B8F6-4FF9-AEA6-009EE1AFB799}.Release|x64.Build.0 = Release|x64
		{B08FA5C1-B8F6-4FF9-AEA6-009EE1AFB799}.Release|x86.ActiveCfg = Release|Win32
		{B08FA5C1-B8F6-4FF9-AEA6-009EE1AFB799}.Release|x86.Build.0 = Release|Win32
		{BCEE2CDB-EE52-4CA7-A4C2-A886197310F7}.Debug|Any CPU.ActiveCfg = Debug|x64
		{BCEE2CDB-EE52-4CA7-A4C2-A886197310F7}.Debug|Any CPU.Build.0 = Debug|x64
		{BCEE2CDB-EE52-4CA7-A4C2-A886197310F7}.Debug|x64.ActiveCfg = Debug|x64
		{BCEE2CDB-EE52-4CA7-A4C2-A886197310F7}.Debug|x64.Build.0 = Debug|x64
		{BCEE2CDB-EE52-4CA7-A4C2-A886197310F7}.Debug|x86.ActiveCfg = Debug|Win32
		{BCEE2CDB-EE52-4CA7-A4C2-A886197310F7}.Debug|x86.Build.0 = Debug|Win32
		{BCEE2CDB-EE52-4CA7-A4C2-A886197310F7}.Release|Any CPU.ActiveCfg = Release|x64
		{BCEE2CDB-EE52-4CA7-A4C2-A886197310F7}.Release|Any CPU.Build.0 = Release|x64
		{BCEE2CDB-EE52-4CA7-A4C2-A886197310F7}.Release|x64.ActiveCfg = Release|x64
		{BCEE2CDB-EE52-4CA7-A4C2-A886197310F7}.Release|x64.Build.0 = Release|x64
		{BCEE2CDB-EE52-4CA7-A4C2-A886197310F7}.Release|x86.ActiveCfg = Release|Win32
		{BCEE2CDB-EE52-4CA7-A4C2-A886197310F7}.Release|x86.Build.0 = Release|Win32
		{A89EE1F8-A61F-4691-9F82-08CA4FE2B94C}.Debug|Any CPU.ActiveCfg = Debug|Any CPU
		{A89EE1F8-A61F-4691-9F82-08CA4FE2B94C}.Debug|Any CPU.Build.0 = Debug|Any CPU
		{A89EE1F8-A61F-4691-9F82-08CA4FE2B94C}.Debug|x64.ActiveCfg = Debug|Any CPU
		{A89EE1F8-A61F-4691-9F82-08CA4FE2B94C}.Debug|x64.Build.0 = Debug|Any CPU
		{A89EE1F8-A61F-4691-9F82-08CA4FE2B94C}.Debug|x86.ActiveCfg = Debug|Any CPU
		{A89EE1F8-A61F-4691-9F82-08CA4FE2B94C}.Debug|x86.Build.0 = Debug|Any CPU
		{A89EE1F8-A61F-4691-9F82-08CA4FE2B94C}.Release|Any CPU.ActiveCfg = Release|Any CPU
		{A89EE1F8-A61F-4691-9F82-08CA4FE2B94C}.Release|Any CPU.Build.0 = Release|Any CPU
		{A89EE1F8-A61F-4691-9F82-08CA4FE2B94C}.Release|x64.ActiveCfg = Release|Any CPU
		{A89EE1F8-A61F-4691-9F82-08CA4FE2B94C}.Release|x64.Build.0 = Release|Any CPU
		{A89EE1F8-A61F-4691-9F82-08CA4FE2B94C}.Release|x86.ActiveCfg = Release|Any CPU
		{A89EE1F8-A61F-4691-9F82-08CA4FE2B94C}.Release|x86.Build.0 = Release|Any CPU
	EndGlobalSection
	GlobalSection(SolutionProperties) = preSolution
		HideSolutionNode = FALSE
	EndGlobalSection
	GlobalSection(NestedProjects) = preSolution
		{33582322-09C7-4968-94B5-EE0B6D68DF5E} = {02EA681E-C7D8-13C7-8484-4AC65E1B71E8}
		{B08FA5C1-B8F6-4FF9-AEA6-009EE1AFB799} = {02EA681E-C7D8-13C7-8484-4AC65E1B71E8}
		{BCEE2CDB-EE52-4CA7-A4C2-A886197310F7} = {02EA681E-C7D8-13C7-8484-4AC65E1B71E8}
		{A89EE1F8-A61F-4691-9F82-08CA4FE2B94C} = {7CA14CC5-6145-44D9-BB09-D9AAFE2E5C34}
	EndGlobalSection
	GlobalSection(ExtensibilityGlobals) = postSolution
		SolutionGuid = {5F946ECA-CACC-4FAE-A053-6CA9C375EDCE}
	EndGlobalSection
EndGlobal
