
Microsoft Visual Studio Solution File, Format Version 12.00
# Visual Studio Version 17
VisualStudioVersion = 17.0.31903.59
MinimumVisualStudioVersion = 10.0.40219.1
Project("{2150E333-8FDC-42A3-9474-1A3956D46DE8}") = "src", "src", "{02EA681E-C7D8-13C7-8484-4AC65E1B71E8}"
EndProject
Project("{FAE04EC0-301F-11D3-BF4B-00C04F79EFBC}") = "InjectionClassLibrary", "src\InjectionClassLibrary\InjectionClassLibrary.csproj", "{33582322-09C7-4968-94B5-EE0B6D68DF5E}"
EndProject
Project("{8BC9CEB8-8B4A-11D0-8D11-00A0C91BC942}") = "CoreInjectionLibrary", "src\CoreInjectionLibrary\CoreInjectedLibrary.vcxproj", "{B08FA5C1-B8F6-4FF9-AEA6-009EE1AFB799}"
EndProject
Project("{2150E333-8FDC-42A3-9474-1A3956D46DE8}") = "demo", "demo", "{7CA14CC5-6145-44D9-BB09-D9AAFE2E5C34}"
EndProject
Project("{FAE04EC0-301F-11D3-BF4B-00C04F79EFBC}") = "InjectionClassLibraryDemo", "demo\InjectionClassLibraryDemo\InjectionClassLibraryDemo.csproj", "{A89EE1F8-A61F-4691-9F82-08CA4FE2B94C}"
EndProject
Project("{FAE04EC0-301F-11D3-BF4B-00C04F79EFBC}") = "TargetClassLibrary", "demo\TargetClassLibrary\TargetClassLibrary.csproj", "{7DFC7480-8A67-45A2-BE64-E8A789769286}"
EndProject
Project("{8BC9CEB8-8B4A-11D0-8D11-00A0C91BC942}") = "MonoInjectionLibrary", "src\MonoInjectionLibrary\MonoInjectionLibrary.vcxproj", "{FBD757DB-B56F-4D3A-86E7-EAB60E70A97B}"
EndProject
Project("{8BC9CEB8-8B4A-11D0-8D11-00A0C91BC942}") = "FrameworkInjectionLibrary", "src\FrameworkInjectionLibrary\FrameworkInjectionLibrary.vcxproj", "{01E69BC1-950D-41DA-8A5C-9501E9D8DB02}"
EndProject
Project("{8BC9CEB8-8B4A-11D0-8D11-00A0C91BC942}") = "SharedInjectionLibrary", "src\SharedInjectionLibrary\SharedInjectionLibrary.vcxitems", "{E2723C73-2A38-4CAE-85EA-CAC072335890}"
EndProject
Project("{8BC9CEB8-8B4A-11D0-8D11-00A0C91BC942}") = "LoggerDemo", "demo\LoggerDemo\LoggerDemo.vcxproj", "{AC2039D4-30F1-437A-BD6B-6BC64151374D}"
EndProject
Global
	GlobalSection(SolutionConfigurationPlatforms) = preSolution
		Debug|Any CPU = Debug|Any CPU
		Debug|x64 = Debug|x64
		Debug|x86 = Debug|x86
		Release|Any CPU = Release|Any CPU
		Release|x64 = Release|x64
		Release|x86 = Release|x86
	EndGlobalSection
	GlobalSection(ProjectConfigurationPlatforms) = postSolution
		{33582322-09C7-4968-94B5-EE0B6D68DF5E}.Debug|Any CPU.ActiveCfg = Debug|Any CPU
		{33582322-09C7-4968-94B5-EE0B6D68DF5E}.Debug|Any CPU.Build.0 = Debug|Any CPU
		{33582322-09C7-4968-94B5-EE0B6D68DF5E}.Debug|x64.ActiveCfg = Debug|Any CPU
		{33582322-09C7-4968-94B5-EE0B6D68DF5E}.Debug|x64.Build.0 = Debug|Any CPU
		{33582322-09C7-4968-94B5-EE0B6D68DF5E}.Debug|x86.ActiveCfg = Debug|Any CPU
		{33582322-09C7-4968-94B5-EE0B6D68DF5E}.Debug|x86.Build.0 = Debug|Any CPU
		{33582322-09C7-4968-94B5-EE0B6D68DF5E}.Release|Any CPU.ActiveCfg = Release|Any CPU
		{33582322-09C7-4968-94B5-EE0B6D68DF5E}.Release|Any CPU.Build.0 = Release|Any CPU
		{33582322-09C7-4968-94B5-EE0B6D68DF5E}.Release|x64.ActiveCfg = Release|Any CPU
		{33582322-09C7-4968-94B5-EE0B6D68DF5E}.Release|x64.Build.0 = Release|Any CPU
		{33582322-09C7-4968-94B5-EE0B6D68DF5E}.Release|x86.ActiveCfg = Release|Any CPU
		{33582322-09C7-4968-94B5-EE0B6D68DF5E}.Release|x86.Build.0 = Release|Any CPU
		{B08FA5C1-B8F6-4FF9-AEA6-009EE1AFB799}.Debug|Any CPU.ActiveCfg = Debug|x64
		{B08FA5C1-B8F6-4FF9-AEA6-009EE1AFB799}.Debug|Any CPU.Build.0 = Debug|x64
		{B08FA5C1-B8F6-4FF9-AEA6-009EE1AFB799}.Debug|x64.ActiveCfg = Debug|x64
		{B08FA5C1-B8F6-4FF9-AEA6-009EE1AFB799}.Debug|x64.Build.0 = Debug|x64
		{B08FA5C1-B8F6-4FF9-AEA6-009EE1AFB799}.Debug|x86.ActiveCfg = Debug|Win32
		{B08FA5C1-B8F6-4FF9-AEA6-009EE1AFB799}.Debug|x86.Build.0 = Debug|Win32
		{B08FA5C1-B8F6-4FF9-AEA6-009EE1AFB799}.Release|Any CPU.ActiveCfg = Release|x64
		{B08FA5C1-B8F6-4FF9-AEA6-009EE1AFB799}.Release|Any CPU.Build.0 = Release|x64
		{B08FA5C1-B8F6-4FF9-AEA6-009EE1AFB799}.Release|x64.ActiveCfg = Release|x64
		{B08FA5C1-B8F6-4FF9-AEA6-009EE1AFB799}.Release|x64.Build.0 = Release|x64
		{B08FA5C1-B8F6-4FF9-AEA6-009EE1AFB799}.Release|x86.ActiveCfg = Release|Win32
		{B08FA5C1-B8F6-4FF9-AEA6-009EE1AFB799}.Release|x86.Build.0 = Release|Win32
		{A89EE1F8-A61F-4691-9F82-08CA4FE2B94C}.Debug|Any CPU.ActiveCfg = Debug|Any CPU
		{A89EE1F8-A61F-4691-9F82-08CA4FE2B94C}.Debug|Any CPU.Build.0 = Debug|Any CPU
		{A89EE1F8-A61F-4691-9F82-08CA4FE2B94C}.Debug|x64.ActiveCfg = Debug|Any CPU
		{A89EE1F8-A61F-4691-9F82-08CA4FE2B94C}.Debug|x64.Build.0 = Debug|Any CPU
		{A89EE1F8-A61F-4691-9F82-08CA4FE2B94C}.Debug|x86.ActiveCfg = Debug|Any CPU
		{A89EE1F8-A61F-4691-9F82-08CA4FE2B94C}.Debug|x86.Build.0 = Debug|Any CPU
		{A89EE1F8-A61F-4691-9F82-08CA4FE2B94C}.Release|Any CPU.ActiveCfg = Release|Any CPU
		{A89EE1F8-A61F-4691-9F82-08CA4FE2B94C}.Release|Any CPU.Build.0 = Release|Any CPU
		{A89EE1F8-A61F-4691-9F82-08CA4FE2B94C}.Release|x64.ActiveCfg = Release|Any CPU
		{A89EE1F8-A61F-4691-9F82-08CA4FE2B94C}.Release|x64.Build.0 = Release|Any CPU
		{A89EE1F8-A61F-4691-9F82-08CA4FE2B94C}.Release|x86.ActiveCfg = Release|Any CPU
		{A89EE1F8-A61F-4691-9F82-08CA4FE2B94C}.Release|x86.Build.0 = Release|Any CPU
		{7DFC7480-8A67-45A2-BE64-E8A789769286}.Debug|Any CPU.ActiveCfg = Debug|Any CPU
		{7DFC7480-8A67-45A2-BE64-E8A789769286}.Debug|Any CPU.Build.0 = Debug|Any CPU
		{7DFC7480-8A67-45A2-BE64-E8A789769286}.Debug|x64.ActiveCfg = Debug|Any CPU
		{7DFC7480-8A67-45A2-BE64-E8A789769286}.Debug|x64.Build.0 = Debug|Any CPU
		{7DFC7480-8A67-45A2-BE64-E8A789769286}.Debug|x86.ActiveCfg = Debug|Any CPU
		{7DFC7480-8A67-45A2-BE64-E8A789769286}.Debug|x86.Build.0 = Debug|Any CPU
		{7DFC7480-8A67-45A2-BE64-E8A789769286}.Release|Any CPU.ActiveCfg = Release|Any CPU
		{7DFC7480-8A67-45A2-BE64-E8A789769286}.Release|Any CPU.Build.0 = Release|Any CPU
		{7DFC7480-8A67-45A2-BE64-E8A789769286}.Release|x64.ActiveCfg = Release|Any CPU
		{7DFC7480-8A67-45A2-BE64-E8A789769286}.Release|x64.Build.0 = Release|Any CPU
		{7DFC7480-8A67-45A2-BE64-E8A789769286}.Release|x86.ActiveCfg = Release|Any CPU
		{7DFC7480-8A67-45A2-BE64-E8A789769286}.Release|x86.Build.0 = Release|Any CPU
		{FBD757DB-B56F-4D3A-86E7-EAB60E70A97B}.Debug|Any CPU.ActiveCfg = Debug|x64
		{FBD757DB-B56F-4D3A-86E7-EAB60E70A97B}.Debug|Any CPU.Build.0 = Debug|x64
		{FBD757DB-B56F-4D3A-86E7-EAB60E70A97B}.Debug|x64.ActiveCfg = Debug|x64
		{FBD757DB-B56F-4D3A-86E7-EAB60E70A97B}.Debug|x64.Build.0 = Debug|x64
		{FBD757DB-B56F-4D3A-86E7-EAB60E70A97B}.Debug|x86.ActiveCfg = Debug|Win32
		{FBD757DB-B56F-4D3A-86E7-EAB60E70A97B}.Debug|x86.Build.0 = Debug|Win32
		{FBD757DB-B56F-4D3A-86E7-EAB60E70A97B}.Release|Any CPU.ActiveCfg = Release|x64
		{FBD757DB-B56F-4D3A-86E7-EAB60E70A97B}.Release|Any CPU.Build.0 = Release|x64
		{FBD757DB-B56F-4D3A-86E7-EAB60E70A97B}.Release|x64.ActiveCfg = Release|x64
		{FBD757DB-B56F-4D3A-86E7-EAB60E70A97B}.Release|x64.Build.0 = Release|x64
		{FBD757DB-B56F-4D3A-86E7-EAB60E70A97B}.Release|x86.ActiveCfg = Release|Win32
		{FBD757DB-B56F-4D3A-86E7-EAB60E70A97B}.Release|x86.Build.0 = Release|Win32
		{01E69BC1-950D-41DA-8A5C-9501E9D8DB02}.Debug|Any CPU.ActiveCfg = Debug|x64
		{01E69BC1-950D-41DA-8A5C-9501E9D8DB02}.Debug|Any CPU.Build.0 = Debug|x64
		{01E69BC1-950D-41DA-8A5C-9501E9D8DB02}.Debug|x64.ActiveCfg = Debug|x64
		{01E69BC1-950D-41DA-8A5C-9501E9D8DB02}.Debug|x64.Build.0 = Debug|x64
		{01E69BC1-950D-41DA-8A5C-9501E9D8DB02}.Debug|x86.ActiveCfg = Debug|Win32
		{01E69BC1-950D-41DA-8A5C-9501E9D8DB02}.Debug|x86.Build.0 = Debug|Win32
		{01E69BC1-950D-41DA-8A5C-9501E9D8DB02}.Release|Any CPU.ActiveCfg = Release|x64
		{01E69BC1-950D-41DA-8A5C-9501E9D8DB02}.Release|Any CPU.Build.0 = Release|x64
		{01E69BC1-950D-41DA-8A5C-9501E9D8DB02}.Release|x64.ActiveCfg = Release|x64
		{01E69BC1-950D-41DA-8A5C-9501E9D8DB02}.Release|x64.Build.0 = Release|x64
		{01E69BC1-950D-41DA-8A5C-9501E9D8DB02}.Release|x86.ActiveCfg = Release|Win32
		{01E69BC1-950D-41DA-8A5C-9501E9D8DB02}.Release|x86.Build.0 = Release|Win32
		{AC2039D4-30F1-437A-BD6B-6BC64151374D}.Debug|Any CPU.ActiveCfg = Debug|x64
		{AC2039D4-30F1-437A-BD6B-6BC64151374D}.Debug|Any CPU.Build.0 = Debug|x64
		{AC2039D4-30F1-437A-BD6B-6BC64151374D}.Debug|x64.ActiveCfg = Debug|x64
		{AC2039D4-30F1-437A-BD6B-6BC64151374D}.Debug|x64.Build.0 = Debug|x64
		{AC2039D4-30F1-437A-BD6B-6BC64151374D}.Debug|x86.ActiveCfg = Debug|Win32
		{AC2039D4-30F1-437A-BD6B-6BC64151374D}.Debug|x86.Build.0 = Debug|Win32
		{AC2039D4-30F1-437A-BD6B-6BC64151374D}.Release|Any CPU.ActiveCfg = Release|x64
		{AC2039D4-30F1-437A-BD6B-6BC64151374D}.Release|Any CPU.Build.0 = Release|x64
		{AC2039D4-30F1-437A-BD6B-6BC64151374D}.Release|x64.ActiveCfg = Release|x64
		{AC2039D4-30F1-437A-BD6B-6BC64151374D}.Release|x64.Build.0 = Release|x64
		{AC2039D4-30F1-437A-BD6B-6BC64151374D}.Release|x86.ActiveCfg = Release|Win32
		{AC2039D4-30F1-437A-BD6B-6BC64151374D}.Release|x86.Build.0 = Release|Win32
	EndGlobalSection
	GlobalSection(SolutionProperties) = preSolution
		HideSolutionNode = FALSE
	EndGlobalSection
	GlobalSection(NestedProjects) = preSolution
		{33582322-09C7-4968-94B5-EE0B6D68DF5E} = {02EA681E-C7D8-13C7-8484-4AC65E1B71E8}
		{B08FA5C1-B8F6-4FF9-AEA6-009EE1AFB799} = {02EA681E-C7D8-13C7-8484-4AC65E1B71E8}
		{A89EE1F8-A61F-4691-9F82-08CA4FE2B94C} = {7CA14CC5-6145-44D9-BB09-D9AAFE2E5C34}
		{7DFC7480-8A67-45A2-BE64-E8A789769286} = {7CA14CC5-6145-44D9-BB09-D9AAFE2E5C34}
		{FBD757DB-B56F-4D3A-86E7-EAB60E70A97B} = {02EA681E-C7D8-13C7-8484-4AC65E1B71E8}
		{01E69BC1-950D-41DA-8A5C-9501E9D8DB02} = {02EA681E-C7D8-13C7-8484-4AC65E1B71E8}
		{E2723C73-2A38-4CAE-85EA-CAC072335890} = {02EA681E-C7D8-13C7-8484-4AC65E1B71E8}
		{AC2039D4-30F1-437A-BD6B-6BC64151374D} = {7CA14CC5-6145-44D9-BB09-D9AAFE2E5C34}
	EndGlobalSection
	GlobalSection(ExtensibilityGlobals) = postSolution
		SolutionGuid = {5F946ECA-CACC-4FAE-A053-6CA9C375EDCE}
	EndGlobalSection
	GlobalSection(SharedMSBuildProjectFiles) = preSolution
		src\SharedInjectionLibrary\SharedInjectionLibrary.vcxitems*{01e69bc1-950d-41da-8a5c-9501e9d8db02}*SharedItemsImports = 4
		src\SharedInjectionLibrary\SharedInjectionLibrary.vcxitems*{ac2039d4-30f1-437a-bd6b-6bc64151374d}*SharedItemsImports = 4
		src\SharedInjectionLibrary\SharedInjectionLibrary.vcxitems*{e2723c73-2a38-4cae-85ea-cac072335890}*SharedItemsImports = 9
	EndGlobalSection
EndGlobal
